
Microsoft Visual Studio Solution File, Format Version 12.00
# Visual Studio 2013
VisualStudioVersion = 12.0.31101.0
MinimumVisualStudioVersion = 10.0.40219.1
Project("{8BC9CEB8-8B4A-11D0-8D11-00A0C91BC942}") = "1", "HuaWei\HuaWei.vcxproj", "{E1CA21D8-9FA1-4217-8A22-400CE5BE0424}"
EndProject
Project("{8BC9CEB8-8B4A-11D0-8D11-00A0C91BC942}") = "3", "3\3.vcxproj", "{FB824E87-F7EF-43A1-B06E-191B2A041211}"
EndProject
Global
	GlobalSection(SolutionConfigurationPlatforms) = preSolution
		Debug|Win32 = Debug|Win32
		Debug|x64 = Debug|x64
		Release|Win32 = Release|Win32
		Release|x64 = Release|x64
	EndGlobalSection
	GlobalSection(ProjectConfigurationPlatforms) = postSolution
		{E1CA21D8-9FA1-4217-8A22-400CE5BE0424}.Debug|Win32.ActiveCfg = Debug|Win32
		{E1CA21D8-9FA1-4217-8A22-400CE5BE0424}.Debug|Win32.Build.0 = Debug|Win32
		{E1CA21D8-9FA1-4217-8A22-400CE5BE0424}.Debug|x64.ActiveCfg = Debug|x64
		{E1CA21D8-9FA1-4217-8A22-400CE5BE0424}.Debug|x64.Build.0 = Debug|x64
		{E1CA21D8-9FA1-4217-8A22-400CE5BE0424}.Release|Win32.ActiveCfg = Release|Win32
		{E1CA21D8-9FA1-4217-8A22-400CE5BE0424}.Release|Win32.Build.0 = Release|Win32
		{E1CA21D8-9FA1-4217-8A22-400CE5BE0424}.Release|x64.ActiveCfg = Release|x64
		{E1CA21D8-9FA1-4217-8A22-400CE5BE0424}.Release|x64.Build.0 = Release|x64
		{FB824E87-F7EF-43A1-B06E-191B2A041211}.Debug|Win32.ActiveCfg = Debug|Win32
		{FB824E87-F7EF-43A1-B06E-191B2A041211}.Debug|Win32.Build.0 = Debug|Win32
		{FB824E87-F7EF-43A1-B06E-191B2A041211}.Debug|x64.ActiveCfg = Debug|x64
		{FB824E87-F7EF-43A1-B06E-191B2A041211}.Debug|x64.Build.0 = Debug|x64
		{FB824E87-F7EF-43A1-B06E-191B2A041211}.Release|Win32.ActiveCfg = Release|Win32
		{FB824E87-F7EF-43A1-B06E-191B2A041211}.Release|Win32.Build.0 = Release|Win32
		{FB824E87-F7EF-43A1-B06E-191B2A041211}.Release|x64.ActiveCfg = Release|x64
		{FB824E87-F7EF-43A1-B06E-191B2A041211}.Release|x64.Build.0 = Release|x64
	EndGlobalSection
	GlobalSection(SolutionProperties) = preSolution
		HideSolutionNode = FALSE
	EndGlobalSection
EndGlobal
