
Microsoft Visual Studio Solution File, Format Version 12.00
# Visual Studio 2013
VisualStudioVersion = 12.0.31101.0
MinimumVisualStudioVersion = 10.0.40219.1
Project("{8BC9CEB8-8B4A-11D0-8D11-00A0C91BC942}") = "NIUKETest1", "NIUKETest1\NIUKETest1.vcxproj", "{95861AC1-CDE4-4275-9882-49CB09D40A4B}"
EndProject
Global
	GlobalSection(SolutionConfigurationPlatforms) = preSolution
		Debug|Win32 = Debug|Win32
		Debug|x64 = Debug|x64
		Release|Win32 = Release|Win32
		Release|x64 = Release|x64
	EndGlobalSection
	GlobalSection(ProjectConfigurationPlatforms) = postSolution
		{95861AC1-CDE4-4275-9882-49CB09D40A4B}.Debug|Win32.ActiveCfg = Debug|Win32
		{95861AC1-CDE4-4275-9882-49CB09D40A4B}.Debug|Win32.Build.0 = Debug|Win32
		{95861AC1-CDE4-4275-9882-49CB09D40A4B}.Debug|x64.ActiveCfg = Debug|x64
		{95861AC1-CDE4-4275-9882-49CB09D40A4B}.Debug|x64.Build.0 = Debug|x64
		{95861AC1-CDE4-4275-9882-49CB09D40A4B}.Release|Win32.ActiveCfg = Release|Win32
		{95861AC1-CDE4-4275-9882-49CB09D40A4B}.Release|Win32.Build.0 = Release|Win32
		{95861AC1-CDE4-4275-9882-49CB09D40A4B}.Release|x64.ActiveCfg = Release|x64
		{95861AC1-CDE4-4275-9882-49CB09D40A4B}.Release|x64.Build.0 = Release|x64
	EndGlobalSection
	GlobalSection(SolutionProperties) = preSolution
		HideSolutionNode = FALSE
	EndGlobalSection
EndGlobal
